
Microsoft Visual Studio Solution File, Format Version 12.00
# Visual Studio 15
VisualStudioVersion = 15.0.28010.2026
MinimumVisualStudioVersion = 10.0.40219.1
Project("{FAE04EC0-301F-11D3-BF4B-00C04F79EFBC}") = "Vidly", "Vidly\Vidly.csproj", "{6E6DF7EC-CE57-43A5-AF7F-B7310B97AC8D}"
EndProject
Global
	GlobalSection(SolutionConfigurationPlatforms) = preSolution
		Debug|Any CPU = Debug|Any CPU
		Release|Any CPU = Release|Any CPU
	EndGlobalSection
	GlobalSection(ProjectConfigurationPlatforms) = postSolution
		{6E6DF7EC-CE57-43A5-AF7F-B7310B97AC8D}.Debug|Any CPU.ActiveCfg = Debug|Any CPU
		{6E6DF7EC-CE57-43A5-AF7F-B7310B97AC8D}.Debug|Any CPU.Build.0 = Debug|Any CPU
		{6E6DF7EC-CE57-43A5-AF7F-B7310B97AC8D}.Release|Any CPU.ActiveCfg = Release|Any CPU
		{6E6DF7EC-CE57-43A5-AF7F-B7310B97AC8D}.Release|Any CPU.Build.0 = Release|Any CPU
	EndGlobalSection
	GlobalSection(SolutionProperties) = preSolution
		HideSolutionNode = FALSE
	EndGlobalSection
	GlobalSection(ExtensibilityGlobals) = postSolution
		SolutionGuid = {449C445A-5ACE-4B41-9DA6-A6D70C323074}
	EndGlobalSection
EndGlobal
